
Microsoft Visual Studio Solution File, Format Version 12.00
# Visual Studio 15
VisualStudioVersion = 15.0.28307.421
MinimumVisualStudioVersion = 10.0.40219.1
Project("{9A19103F-16F7-4668-BE54-9A1E7A4F7556}") = "RM2", "RM2\RM2.csproj", "{32A74C39-F058-4B69-89B9-50852D90A50F}"
EndProject
Project("{FAE04EC0-301F-11D3-BF4B-00C04F79EFBC}") = "RM2.Busines", "RM2.Busines\RM2.Busines.csproj", "{1CF65B82-3B7E-4DAC-93FA-FEF34FEB535C}"
	ProjectSection(ProjectDependencies) = postProject
		{6FF5A222-525E-4C0B-9BCB-C208D46249F5} = {6FF5A222-525E-4C0B-9BCB-C208D46249F5}
		{D351FA41-6F6A-4372-A20D-63F9AB7DBCE4} = {D351FA41-6F6A-4372-A20D-63F9AB7DBCE4}
		{E3A342B7-5720-4933-9FD0-658EBCE82CCC} = {E3A342B7-5720-4933-9FD0-658EBCE82CCC}
	EndProjectSection
EndProject
Project("{FAE04EC0-301F-11D3-BF4B-00C04F79EFBC}") = "RM2.Model", "RM2.Model\RM2.Model.csproj", "{E3A342B7-5720-4933-9FD0-658EBCE82CCC}"
EndProject
Project("{FAE04EC0-301F-11D3-BF4B-00C04F79EFBC}") = "RM2.IService", "RM2.IService\RM2.IService.csproj", "{6FF5A222-525E-4C0B-9BCB-C208D46249F5}"
	ProjectSection(ProjectDependencies) = postProject
		{E3A342B7-5720-4933-9FD0-658EBCE82CCC} = {E3A342B7-5720-4933-9FD0-658EBCE82CCC}
		{8D0580CC-E1E3-4D3B-BF85-62E2C069E604} = {8D0580CC-E1E3-4D3B-BF85-62E2C069E604}
	EndProjectSection
EndProject
Project("{FAE04EC0-301F-11D3-BF4B-00C04F79EFBC}") = "RM2.Service", "RM2.Service\RM2.Service.csproj", "{D351FA41-6F6A-4372-A20D-63F9AB7DBCE4}"
	ProjectSection(ProjectDependencies) = postProject
		{6FF5A222-525E-4C0B-9BCB-C208D46249F5} = {6FF5A222-525E-4C0B-9BCB-C208D46249F5}
		{E3A342B7-5720-4933-9FD0-658EBCE82CCC} = {E3A342B7-5720-4933-9FD0-658EBCE82CCC}
		{8D0580CC-E1E3-4D3B-BF85-62E2C069E604} = {8D0580CC-E1E3-4D3B-BF85-62E2C069E604}
	EndProjectSection
EndProject
Project("{FAE04EC0-301F-11D3-BF4B-00C04F79EFBC}") = "RM2.Framework", "RM2.Framework\RM2.Framework.csproj", "{8D0580CC-E1E3-4D3B-BF85-62E2C069E604}"
EndProject
Project("{FAE04EC0-301F-11D3-BF4B-00C04F79EFBC}") = "RM2.WebApi", "RM2.WebApi\RM2.WebApi.csproj", "{025AB334-93C9-4EDD-A3D2-A5DC00D57704}"
	ProjectSection(ProjectDependencies) = postProject
		{6FF5A222-525E-4C0B-9BCB-C208D46249F5} = {6FF5A222-525E-4C0B-9BCB-C208D46249F5}
		{D351FA41-6F6A-4372-A20D-63F9AB7DBCE4} = {D351FA41-6F6A-4372-A20D-63F9AB7DBCE4}
		{1CF65B82-3B7E-4DAC-93FA-FEF34FEB535C} = {1CF65B82-3B7E-4DAC-93FA-FEF34FEB535C}
		{E3A342B7-5720-4933-9FD0-658EBCE82CCC} = {E3A342B7-5720-4933-9FD0-658EBCE82CCC}
		{8D0580CC-E1E3-4D3B-BF85-62E2C069E604} = {8D0580CC-E1E3-4D3B-BF85-62E2C069E604}
	EndProjectSection
EndProject
Project("{FAE04EC0-301F-11D3-BF4B-00C04F79EFBC}") = "RM2.WebApi.Tests", "RM2.WebApi.Tests\RM2.WebApi.Tests.csproj", "{A855E3B0-8857-49B1-9F46-25DDCBA43079}"
EndProject
Global
	GlobalSection(SolutionConfigurationPlatforms) = preSolution
		Debug|Any CPU = Debug|Any CPU
		Release|Any CPU = Release|Any CPU
	EndGlobalSection
	GlobalSection(ProjectConfigurationPlatforms) = postSolution
		{32A74C39-F058-4B69-89B9-50852D90A50F}.Debug|Any CPU.ActiveCfg = Debug|Any CPU
		{32A74C39-F058-4B69-89B9-50852D90A50F}.Debug|Any CPU.Build.0 = Debug|Any CPU
		{32A74C39-F058-4B69-89B9-50852D90A50F}.Release|Any CPU.ActiveCfg = Release|Any CPU
		{32A74C39-F058-4B69-89B9-50852D90A50F}.Release|Any CPU.Build.0 = Release|Any CPU
		{1CF65B82-3B7E-4DAC-93FA-FEF34FEB535C}.Debug|Any CPU.ActiveCfg = Debug|Any CPU
		{1CF65B82-3B7E-4DAC-93FA-FEF34FEB535C}.Debug|Any CPU.Build.0 = Debug|Any CPU
		{1CF65B82-3B7E-4DAC-93FA-FEF34FEB535C}.Release|Any CPU.ActiveCfg = Release|Any CPU
		{1CF65B82-3B7E-4DAC-93FA-FEF34FEB535C}.Release|Any CPU.Build.0 = Release|Any CPU
		{E3A342B7-5720-4933-9FD0-658EBCE82CCC}.Debug|Any CPU.ActiveCfg = Debug|Any CPU
		{E3A342B7-5720-4933-9FD0-658EBCE82CCC}.Debug|Any CPU.Build.0 = Debug|Any CPU
		{E3A342B7-5720-4933-9FD0-658EBCE82CCC}.Release|Any CPU.ActiveCfg = Release|Any CPU
		{E3A342B7-5720-4933-9FD0-658EBCE82CCC}.Release|Any CPU.Build.0 = Release|Any CPU
		{6FF5A222-525E-4C0B-9BCB-C208D46249F5}.Debug|Any CPU.ActiveCfg = Debug|Any CPU
		{6FF5A222-525E-4C0B-9BCB-C208D46249F5}.Debug|Any CPU.Build.0 = Debug|Any CPU
		{6FF5A222-525E-4C0B-9BCB-C208D46249F5}.Release|Any CPU.ActiveCfg = Release|Any CPU
		{6FF5A222-525E-4C0B-9BCB-C208D46249F5}.Release|Any CPU.Build.0 = Release|Any CPU
		{D351FA41-6F6A-4372-A20D-63F9AB7DBCE4}.Debug|Any CPU.ActiveCfg = Debug|Any CPU
		{D351FA41-6F6A-4372-A20D-63F9AB7DBCE4}.Debug|Any CPU.Build.0 = Debug|Any CPU
		{D351FA41-6F6A-4372-A20D-63F9AB7DBCE4}.Release|Any CPU.ActiveCfg = Release|Any CPU
		{D351FA41-6F6A-4372-A20D-63F9AB7DBCE4}.Release|Any CPU.Build.0 = Release|Any CPU
		{8D0580CC-E1E3-4D3B-BF85-62E2C069E604}.Debug|Any CPU.ActiveCfg = Debug|Any CPU
		{8D0580CC-E1E3-4D3B-BF85-62E2C069E604}.Debug|Any CPU.Build.0 = Debug|Any CPU
		{8D0580CC-E1E3-4D3B-BF85-62E2C069E604}.Release|Any CPU.ActiveCfg = Release|Any CPU
		{8D0580CC-E1E3-4D3B-BF85-62E2C069E604}.Release|Any CPU.Build.0 = Release|Any CPU
		{025AB334-93C9-4EDD-A3D2-A5DC00D57704}.Debug|Any CPU.ActiveCfg = Debug|Any CPU
		{025AB334-93C9-4EDD-A3D2-A5DC00D57704}.Debug|Any CPU.Build.0 = Debug|Any CPU
		{025AB334-93C9-4EDD-A3D2-A5DC00D57704}.Release|Any CPU.ActiveCfg = Release|Any CPU
		{025AB334-93C9-4EDD-A3D2-A5DC00D57704}.Release|Any CPU.Build.0 = Release|Any CPU
		{A855E3B0-8857-49B1-9F46-25DDCBA43079}.Debug|Any CPU.ActiveCfg = Debug|Any CPU
		{A855E3B0-8857-49B1-9F46-25DDCBA43079}.Debug|Any CPU.Build.0 = Debug|Any CPU
		{A855E3B0-8857-49B1-9F46-25DDCBA43079}.Release|Any CPU.ActiveCfg = Release|Any CPU
		{A855E3B0-8857-49B1-9F46-25DDCBA43079}.Release|Any CPU.Build.0 = Release|Any CPU
	EndGlobalSection
	GlobalSection(SolutionProperties) = preSolution
		HideSolutionNode = FALSE
	EndGlobalSection
	GlobalSection(ExtensibilityGlobals) = postSolution
		SolutionGuid = {C4953BD1-D338-4BB5-AFD2-0F6BAE3DF022}
	EndGlobalSection
EndGlobal
